
Microsoft Visual Studio Solution File, Format Version 12.00
# Visual Studio Version 17
VisualStudioVersion = 17.11.35222.181
MinimumVisualStudioVersion = 10.0.40219.1
Project("{FAE04EC0-301F-11D3-BF4B-00C04F79EFBC}") = "HillerødClassLib", "Hillerød Sejlkulb Eksamensprojekt\HillerødClassLib.csproj", "{DBE344FE-ACCE-4E8F-9F66-91670029E492}"
EndProject
Project("{FAE04EC0-301F-11D3-BF4B-00C04F79EFBC}") = "HillerødConsole", "HillerødConsole\HillerødConsole.csproj", "{67A37646-0244-4AB8-8FD8-973F20DB5FCB}"
EndProject
Project("{FAE04EC0-301F-11D3-BF4B-00C04F79EFBC}") = "HillerødRazorPage", "HillerødRazorPage\HillerødRazorPage.csproj", "{61012552-4567-42E6-8550-E02062B3FC7A}"
EndProject
Global
	GlobalSection(SolutionConfigurationPlatforms) = preSolution
		Debug|Any CPU = Debug|Any CPU
		Release|Any CPU = Release|Any CPU
	EndGlobalSection
	GlobalSection(ProjectConfigurationPlatforms) = postSolution
		{DBE344FE-ACCE-4E8F-9F66-91670029E492}.Debug|Any CPU.ActiveCfg = Debug|Any CPU
		{DBE344FE-ACCE-4E8F-9F66-91670029E492}.Debug|Any CPU.Build.0 = Debug|Any CPU
		{DBE344FE-ACCE-4E8F-9F66-91670029E492}.Release|Any CPU.ActiveCfg = Release|Any CPU
		{DBE344FE-ACCE-4E8F-9F66-91670029E492}.Release|Any CPU.Build.0 = Release|Any CPU
		{67A37646-0244-4AB8-8FD8-973F20DB5FCB}.Debug|Any CPU.ActiveCfg = Debug|Any CPU
		{67A37646-0244-4AB8-8FD8-973F20DB5FCB}.Debug|Any CPU.Build.0 = Debug|Any CPU
		{67A37646-0244-4AB8-8FD8-973F20DB5FCB}.Release|Any CPU.ActiveCfg = Release|Any CPU
		{67A37646-0244-4AB8-8FD8-973F20DB5FCB}.Release|Any CPU.Build.0 = Release|Any CPU
		{61012552-4567-42E6-8550-E02062B3FC7A}.Debug|Any CPU.ActiveCfg = Debug|Any CPU
		{61012552-4567-42E6-8550-E02062B3FC7A}.Debug|Any CPU.Build.0 = Debug|Any CPU
		{61012552-4567-42E6-8550-E02062B3FC7A}.Release|Any CPU.ActiveCfg = Release|Any CPU
		{61012552-4567-42E6-8550-E02062B3FC7A}.Release|Any CPU.Build.0 = Release|Any CPU
	EndGlobalSection
	GlobalSection(SolutionProperties) = preSolution
		HideSolutionNode = FALSE
	EndGlobalSection
	GlobalSection(ExtensibilityGlobals) = postSolution
		SolutionGuid = {AA903E03-FB29-4D62-9843-02D68D564F25}
	EndGlobalSection
EndGlobal
